
Microsoft Visual Studio Solution File, Format Version 12.00
# Visual Studio Version 17
VisualStudioVersion = 17.11.35431.28
MinimumVisualStudioVersion = 10.0.40219.1
Project("{9A19103F-16F7-4668-BE54-9A1E7A4F7556}") = "AutoCADCleanup", "AutoCADCleanup\AutoCADCleanup.csproj", "{B0DAF808-632A-4EDF-AE6D-E50BEC569BEB}"
EndProject
Project("{FAE04EC0-301F-11D3-BF4B-00C04F79EFBC}") = "CleanUp Window", "CleanUp Window\CleanUp Window.csproj", "{3B20433C-D50C-45CD-910C-41C7E5365D38}"
EndProject
Project("{FAE04EC0-301F-11D3-BF4B-00C04F79EFBC}") = "Utility", "Utility\Utility.csproj", "{F06FF549-EEE7-41CE-A1A1-06F3537F3EDC}"
EndProject
Global
	GlobalSection(SolutionConfigurationPlatforms) = preSolution
		Debug|Any CPU = Debug|Any CPU
		Release|Any CPU = Release|Any CPU
	EndGlobalSection
	GlobalSection(ProjectConfigurationPlatforms) = postSolution
		{B0DAF808-632A-4EDF-AE6D-E50BEC569BEB}.Debug|Any CPU.ActiveCfg = Debug|Any CPU
		{B0DAF808-632A-4EDF-AE6D-E50BEC569BEB}.Debug|Any CPU.Build.0 = Debug|Any CPU
		{B0DAF808-632A-4EDF-AE6D-E50BEC569BEB}.Release|Any CPU.ActiveCfg = Release|Any CPU
		{B0DAF808-632A-4EDF-AE6D-E50BEC569BEB}.Release|Any CPU.Build.0 = Release|Any CPU
		{3B20433C-D50C-45CD-910C-41C7E5365D38}.Debug|Any CPU.ActiveCfg = Debug|Any CPU
		{3B20433C-D50C-45CD-910C-41C7E5365D38}.Debug|Any CPU.Build.0 = Debug|Any CPU
		{3B20433C-D50C-45CD-910C-41C7E5365D38}.Release|Any CPU.ActiveCfg = Release|Any CPU
		{3B20433C-D50C-45CD-910C-41C7E5365D38}.Release|Any CPU.Build.0 = Release|Any CPU
		{F06FF549-EEE7-41CE-A1A1-06F3537F3EDC}.Debug|Any CPU.ActiveCfg = Debug|Any CPU
		{F06FF549-EEE7-41CE-A1A1-06F3537F3EDC}.Debug|Any CPU.Build.0 = Debug|Any CPU
		{F06FF549-EEE7-41CE-A1A1-06F3537F3EDC}.Release|Any CPU.ActiveCfg = Release|Any CPU
		{F06FF549-EEE7-41CE-A1A1-06F3537F3EDC}.Release|Any CPU.Build.0 = Release|Any CPU
	EndGlobalSection
	GlobalSection(SolutionProperties) = preSolution
		HideSolutionNode = FALSE
	EndGlobalSection
	GlobalSection(ExtensibilityGlobals) = postSolution
		SolutionGuid = {2497B3ED-02D3-4949-8195-91B9D7D916B8}
	EndGlobalSection
EndGlobal
